
Microsoft Visual Studio Solution File, Format Version 12.00
# Visual Studio Version 17
VisualStudioVersion = 17.9.34701.34
MinimumVisualStudioVersion = 10.0.40219.1
Project("{FAE04EC0-301F-11D3-BF4B-00C04F79EFBC}") = "Homework_1_ASP", "Homework_1_ASP.csproj", "{A09B7AF1-EB68-4BC5-A128-F939C00AECEB}"
EndProject
Global
	GlobalSection(SolutionConfigurationPlatforms) = preSolution
		Debug|Any CPU = Debug|Any CPU
		Release|Any CPU = Release|Any CPU
	EndGlobalSection
	GlobalSection(ProjectConfigurationPlatforms) = postSolution
		{A09B7AF1-EB68-4BC5-A128-F939C00AECEB}.Debug|Any CPU.ActiveCfg = Debug|Any CPU
		{A09B7AF1-EB68-4BC5-A128-F939C00AECEB}.Debug|Any CPU.Build.0 = Debug|Any CPU
		{A09B7AF1-EB68-4BC5-A128-F939C00AECEB}.Release|Any CPU.ActiveCfg = Release|Any CPU
		{A09B7AF1-EB68-4BC5-A128-F939C00AECEB}.Release|Any CPU.Build.0 = Release|Any CPU
	EndGlobalSection
	GlobalSection(SolutionProperties) = preSolution
		HideSolutionNode = FALSE
	EndGlobalSection
	GlobalSection(ExtensibilityGlobals) = postSolution
		SolutionGuid = {A8A2DF1F-E317-422B-884B-879B705F9BC9}
	EndGlobalSection
EndGlobal
